
Microsoft Visual Studio Solution File, Format Version 12.00
# Visual Studio Version 17
VisualStudioVersion = 17.11.35327.3
MinimumVisualStudioVersion = 10.0.40219.1
Project("{9A19103F-16F7-4668-BE54-9A1E7A4F7556}") = "SharpAviReader", "SharpAviReader\SharpAviReader.csproj", "{019AF17B-1CC0-4D5A-A726-1AE9180B6B1E}"
EndProject
Project("{2150E333-8FDC-42A3-9474-1A3956D46DE8}") = "Solution Items", "Solution Items", "{99637B02-C2A8-4F6D-929C-B79D811DE973}"
	ProjectSection(SolutionItems) = preProject
		LICENSE = LICENSE
		README.md = README.md
	EndProjectSection
EndProject
Global
	GlobalSection(SolutionConfigurationPlatforms) = preSolution
		Debug|Any CPU = Debug|Any CPU
		Release|Any CPU = Release|Any CPU
	EndGlobalSection
	GlobalSection(ProjectConfigurationPlatforms) = postSolution
		{019AF17B-1CC0-4D5A-A726-1AE9180B6B1E}.Debug|Any CPU.ActiveCfg = Debug|Any CPU
		{019AF17B-1CC0-4D5A-A726-1AE9180B6B1E}.Debug|Any CPU.Build.0 = Debug|Any CPU
		{019AF17B-1CC0-4D5A-A726-1AE9180B6B1E}.Release|Any CPU.ActiveCfg = Release|Any CPU
		{019AF17B-1CC0-4D5A-A726-1AE9180B6B1E}.Release|Any CPU.Build.0 = Release|Any CPU
	EndGlobalSection
	GlobalSection(SolutionProperties) = preSolution
		HideSolutionNode = FALSE
	EndGlobalSection
	GlobalSection(ExtensibilityGlobals) = postSolution
		SolutionGuid = {65AA68F7-9859-459B-B5EF-9F5755478630}
	EndGlobalSection
EndGlobal
